// !$*UTF8*$!
{
	archiveVersion = 1;
	classes = {
	};
	objectVersion = 52;
	objects = {

/* Begin PBXBuildFile section */
		AC077B12235794E000EC43A9 /* GetUsage.swift in Sources */ = {isa = PBXBuildFile; fileRef = AC077B11235794E000EC43A9 /* GetUsage.swift */; };
		AC077B13235794E000EC43A9 /* GetUsage.swift in Sources */ = {isa = PBXBuildFile; fileRef = AC077B11235794E000EC43A9 /* GetUsage.swift */; };
		AC077B16235B63BA00EC43A9 /* Localizable.strings in Resources */ = {isa = PBXBuildFile; fileRef = AC077B18235B63BA00EC43A9 /* Localizable.strings */; };
		AC077B1B235C6F2600EC43A9 /* how-to-add-widget.mp4 in Resources */ = {isa = PBXBuildFile; fileRef = AC077B1A235C6F2500EC43A9 /* how-to-add-widget.mp4 */; };
		AC99A474235359B20006DFD2 /* InfoPlist.strings in Resources */ = {isa = PBXBuildFile; fileRef = AC99A476235359B20006DFD2 /* InfoPlist.strings */; };
		AC99A49B2354CAF90006DFD2 /* UICircularProgressRing in Frameworks */ = {isa = PBXBuildFile; productRef = AC99A49A2354CAF90006DFD2 /* UICircularProgressRing */; };
		AC9A8625234F7D8100E04F6F /* Localizable.strings in Resources */ = {isa = PBXBuildFile; fileRef = AC9A8627234F7D8100E04F6F /* Localizable.strings */; };
		AC9A862F234F80D500E04F6F /* InfoPlist.strings in Resources */ = {isa = PBXBuildFile; fileRef = AC9A8631234F80D500E04F6F /* InfoPlist.strings */; };
		AC9EB8A822EF587A0010AD0F /* Alamofire.framework in Frameworks */ = {isa = PBXBuildFile; fileRef = ACA93E7122EF3156001DC560 /* Alamofire.framework */; };
		AC9EB8C622EF58F00010AD0F /* KeychainSwift.framework in Frameworks */ = {isa = PBXBuildFile; fileRef = AC9EB8B622EF58C90010AD0F /* KeychainSwift.framework */; };
		AC9EB8D822EF66320010AD0F /* Images.xcassets in Resources */ = {isa = PBXBuildFile; fileRef = AC9EB8D722EF66320010AD0F /* Images.xcassets */; };
		AC9EB8DC22EF66A70010AD0F /* KeychainSwift.framework in Embed Frameworks */ = {isa = PBXBuildFile; fileRef = AC9EB8B622EF58C90010AD0F /* KeychainSwift.framework */; settings = {ATTRIBUTES = (CodeSignOnCopy, RemoveHeadersOnCopy, ); }; };
		AC9EB8DF22EF66BB0010AD0F /* Alamofire.framework in Frameworks */ = {isa = PBXBuildFile; fileRef = ACA93E7122EF3156001DC560 /* Alamofire.framework */; };
		AC9EB8E022EF66BB0010AD0F /* Alamofire.framework in Embed Frameworks */ = {isa = PBXBuildFile; fileRef = ACA93E7122EF3156001DC560 /* Alamofire.framework */; settings = {ATTRIBUTES = (CodeSignOnCopy, RemoveHeadersOnCopy, ); }; };
		ACA93E1C22EF2092001DC560 /* NotificationCenter.framework in Frameworks */ = {isa = PBXBuildFile; fileRef = ACF18F0622ECC5D400B2A751 /* NotificationCenter.framework */; };
		ACA93E1F22EF2092001DC560 /* TodayViewController.swift in Sources */ = {isa = PBXBuildFile; fileRef = ACA93E1E22EF2092001DC560 /* TodayViewController.swift */; };
		ACA93E2222EF2092001DC560 /* MainInterface.storyboard in Resources */ = {isa = PBXBuildFile; fileRef = ACA93E2022EF2092001DC560 /* MainInterface.storyboard */; };
		ACA93E2622EF2092001DC560 /* UsageWidget.appex in Embed App Extensions */ = {isa = PBXBuildFile; fileRef = ACA93E1B22EF2092001DC560 /* UsageWidget.appex */; settings = {ATTRIBUTES = (RemoveHeadersOnCopy, ); }; };
		ACD89D6022ECE07B00166B04 /* LoginViewController.swift in Sources */ = {isa = PBXBuildFile; fileRef = ACD89D5F22ECE07B00166B04 /* LoginViewController.swift */; };
		ACF18EED22ECC14300B2A751 /* AppDelegate.swift in Sources */ = {isa = PBXBuildFile; fileRef = ACF18EEC22ECC14300B2A751 /* AppDelegate.swift */; };
		ACF18EEF22ECC14300B2A751 /* ViewController.swift in Sources */ = {isa = PBXBuildFile; fileRef = ACF18EEE22ECC14300B2A751 /* ViewController.swift */; };
		ACF18EF222ECC14300B2A751 /* Main.storyboard in Resources */ = {isa = PBXBuildFile; fileRef = ACF18EF022ECC14300B2A751 /* Main.storyboard */; };
		ACF18EF722ECC14600B2A751 /* LaunchScreen.storyboard in Resources */ = {isa = PBXBuildFile; fileRef = ACF18EF522ECC14600B2A751 /* LaunchScreen.storyboard */; };
		ACF18EFF22ECC41F00B2A751 /* logo.png in Resources */ = {isa = PBXBuildFile; fileRef = ACF18EFE22ECC41F00B2A751 /* logo.png */; };
/* End PBXBuildFile section */

/* Begin PBXContainerItemProxy section */
		AC9EB8B522EF58C90010AD0F /* PBXContainerItemProxy */ = {
			isa = PBXContainerItemProxy;
			containerPortal = AC9EB8A922EF58C90010AD0F /* KeychainSwift.xcodeproj */;
			proxyType = 2;
			remoteGlobalIDString = 7ED6C96C1B1C118F00FE8090;
			remoteInfo = KeychainSwift;
		};
		AC9EB8DD22EF66A70010AD0F /* PBXContainerItemProxy */ = {
			isa = PBXContainerItemProxy;
			containerPortal = AC9EB8A922EF58C90010AD0F /* KeychainSwift.xcodeproj */;
			proxyType = 1;
			remoteGlobalIDString = 7ED6C96B1B1C118F00FE8090;
			remoteInfo = KeychainSwift;
		};
		AC9EB8E122EF66BB0010AD0F /* PBXContainerItemProxy */ = {
			isa = PBXContainerItemProxy;
			containerPortal = ACA93E6522EF3155001DC560 /* Alamofire.xcodeproj */;
			proxyType = 1;
			remoteGlobalIDString = F8111E3219A95C8B0040E7D1;
			remoteInfo = "Alamofire iOS";
		};
		ACA93E2422EF2092001DC560 /* PBXContainerItemProxy */ = {
			isa = PBXContainerItemProxy;
			containerPortal = ACF18EE122ECC14300B2A751 /* Project object */;
			proxyType = 1;
			remoteGlobalIDString = ACA93E1A22EF2092001DC560;
			remoteInfo = UsageWidget;
		};
		ACA93E7022EF3156001DC560 /* PBXContainerItemProxy */ = {
			isa = PBXContainerItemProxy;
			containerPortal = ACA93E6522EF3155001DC560 /* Alamofire.xcodeproj */;
			proxyType = 2;
			remoteGlobalIDString = F8111E3319A95C8B0040E7D1;
			remoteInfo = "Alamofire iOS";
		};
/* End PBXContainerItemProxy section */

/* Begin PBXCopyFilesBuildPhase section */
		ACD89D5E22ECE04600166B04 /* Embed Frameworks */ = {
			isa = PBXCopyFilesBuildPhase;
			buildActionMask = 2147483647;
			dstPath = "";
			dstSubfolderSpec = 10;
			files = (
				AC9EB8DC22EF66A70010AD0F /* KeychainSwift.framework in Embed Frameworks */,
				AC9EB8E022EF66BB0010AD0F /* Alamofire.framework in Embed Frameworks */,
			);
			name = "Embed Frameworks";
			runOnlyForDeploymentPostprocessing = 0;
		};
		ACF18F1522ECC5D400B2A751 /* Embed App Extensions */ = {
			isa = PBXCopyFilesBuildPhase;
			buildActionMask = 2147483647;
			dstPath = "";
			dstSubfolderSpec = 13;
			files = (
				ACA93E2622EF2092001DC560 /* UsageWidget.appex in Embed App Extensions */,
			);
			name = "Embed App Extensions";
			runOnlyForDeploymentPostprocessing = 0;
		};
/* End PBXCopyFilesBuildPhase section */

/* Begin PBXFileReference section */
		AC077B11235794E000EC43A9 /* GetUsage.swift */ = {isa = PBXFileReference; lastKnownFileType = sourcecode.swift; path = GetUsage.swift; sourceTree = "<group>"; };
		AC077B17235B63BA00EC43A9 /* de */ = {isa = PBXFileReference; lastKnownFileType = text.plist.strings; name = de; path = de.lproj/Localizable.strings; sourceTree = "<group>"; };
		AC077B19235C6BC700EC43A9 /* en */ = {isa = PBXFileReference; lastKnownFileType = text.plist.strings; name = en; path = en.lproj/Localizable.strings; sourceTree = "<group>"; };
		AC077B1A235C6F2500EC43A9 /* how-to-add-widget.mp4 */ = {isa = PBXFileReference; lastKnownFileType = file; path = "how-to-add-widget.mp4"; sourceTree = "<group>"; };
		AC99A475235359B20006DFD2 /* de */ = {isa = PBXFileReference; lastKnownFileType = text.plist.strings; name = de; path = de.lproj/InfoPlist.strings; sourceTree = "<group>"; };
		AC9A8622234F7B1A00E04F6F /* de */ = {isa = PBXFileReference; lastKnownFileType = text.plist.strings; name = de; path = de.lproj/Main.strings; sourceTree = "<group>"; };
		AC9A8626234F7D8100E04F6F /* en */ = {isa = PBXFileReference; explicitFileType = text.plist.strings; fileEncoding = 4; name = en; path = en.lproj/Localizable.strings; sourceTree = "<group>"; };
		AC9A8628234F7D8700E04F6F /* de */ = {isa = PBXFileReference; explicitFileType = text.plist.strings; fileEncoding = 4; name = de; path = de.lproj/Localizable.strings; sourceTree = "<group>"; };
		AC9A8632234F80D800E04F6F /* de */ = {isa = PBXFileReference; fileEncoding = 4; lastKnownFileType = text.plist.strings; name = de; path = de.lproj/InfoPlist.strings; sourceTree = "<group>"; };
		AC9A8633234F818500E04F6F /* Info.plist */ = {isa = PBXFileReference; fileEncoding = 4; lastKnownFileType = text.plist.xml; path = Info.plist; sourceTree = "<group>"; };
		AC9EB8A922EF58C90010AD0F /* KeychainSwift.xcodeproj */ = {isa = PBXFileReference; lastKnownFileType = "wrapper.pb-project"; name = KeychainSwift.xcodeproj; path = "keychain-swift-master/KeychainSwift.xcodeproj"; sourceTree = "<group>"; };
		AC9EB8D722EF66320010AD0F /* Images.xcassets */ = {isa = PBXFileReference; lastKnownFileType = folder.assetcatalog; path = Images.xcassets; sourceTree = "<group>"; };
		ACA93E1B22EF2092001DC560 /* UsageWidget.appex */ = {isa = PBXFileReference; explicitFileType = "wrapper.app-extension"; includeInIndex = 0; path = UsageWidget.appex; sourceTree = BUILT_PRODUCTS_DIR; };
		ACA93E1E22EF2092001DC560 /* TodayViewController.swift */ = {isa = PBXFileReference; lastKnownFileType = sourcecode.swift; path = TodayViewController.swift; sourceTree = "<group>"; };
		ACA93E2122EF2092001DC560 /* Base */ = {isa = PBXFileReference; lastKnownFileType = file.storyboard; name = Base; path = Base.lproj/MainInterface.storyboard; sourceTree = "<group>"; };
		ACA93E2A22EF2218001DC560 /* README.md */ = {isa = PBXFileReference; lastKnownFileType = net.daringfireball.markdown; path = README.md; sourceTree = "<group>"; };
		ACA93E2D22EF2E59001DC560 /* UsageWidget.entitlements */ = {isa = PBXFileReference; lastKnownFileType = text.plist.entitlements; path = UsageWidget.entitlements; sourceTree = "<group>"; };
		ACA93E2E22EF2E67001DC560 /* MigrosUsage.entitlements */ = {isa = PBXFileReference; lastKnownFileType = text.plist.entitlements; path = MigrosUsage.entitlements; sourceTree = "<group>"; };
		ACA93E6522EF3155001DC560 /* Alamofire.xcodeproj */ = {isa = PBXFileReference; lastKnownFileType = "wrapper.pb-project"; name = Alamofire.xcodeproj; path = "Alamofire-4.8.2/Alamofire.xcodeproj"; sourceTree = "<group>"; };
		ACD89D5F22ECE07B00166B04 /* LoginViewController.swift */ = {isa = PBXFileReference; lastKnownFileType = sourcecode.swift; path = LoginViewController.swift; sourceTree = "<group>"; };
		ACF18EE922ECC14300B2A751 /* MigrosUsage.app */ = {isa = PBXFileReference; explicitFileType = wrapper.application; includeInIndex = 0; path = MigrosUsage.app; sourceTree = BUILT_PRODUCTS_DIR; };
		ACF18EEC22ECC14300B2A751 /* AppDelegate.swift */ = {isa = PBXFileReference; lastKnownFileType = sourcecode.swift; path = AppDelegate.swift; sourceTree = "<group>"; };
		ACF18EEE22ECC14300B2A751 /* ViewController.swift */ = {isa = PBXFileReference; lastKnownFileType = sourcecode.swift; path = ViewController.swift; sourceTree = "<group>"; };
		ACF18EF122ECC14300B2A751 /* Base */ = {isa = PBXFileReference; lastKnownFileType = file.storyboard; name = Base; path = Base.lproj/Main.storyboard; sourceTree = "<group>"; };
		ACF18EF622ECC14600B2A751 /* Base */ = {isa = PBXFileReference; lastKnownFileType = file.storyboard; name = Base; path = Base.lproj/LaunchScreen.storyboard; sourceTree = "<group>"; };
		ACF18EF822ECC14600B2A751 /* Info.plist */ = {isa = PBXFileReference; lastKnownFileType = text.plist.xml; path = Info.plist; sourceTree = "<group>"; };
		ACF18EFE22ECC41F00B2A751 /* logo.png */ = {isa = PBXFileReference; lastKnownFileType = image.png; path = logo.png; sourceTree = "<group>"; };
		ACF18F0622ECC5D400B2A751 /* NotificationCenter.framework */ = {isa = PBXFileReference; lastKnownFileType = wrapper.framework; name = NotificationCenter.framework; path = System/Library/Frameworks/NotificationCenter.framework; sourceTree = SDKROOT; };
/* End PBXFileReference section */

/* Begin PBXFrameworksBuildPhase section */
		ACA93E1822EF2092001DC560 /* Frameworks */ = {
			isa = PBXFrameworksBuildPhase;
			buildActionMask = 2147483647;
			files = (
				AC9EB8C622EF58F00010AD0F /* KeychainSwift.framework in Frameworks */,
				AC9EB8A822EF587A0010AD0F /* Alamofire.framework in Frameworks */,
				ACA93E1C22EF2092001DC560 /* NotificationCenter.framework in Frameworks */,
			);
			runOnlyForDeploymentPostprocessing = 0;
		};
		ACF18EE622ECC14300B2A751 /* Frameworks */ = {
			isa = PBXFrameworksBuildPhase;
			buildActionMask = 2147483647;
			files = (
				AC99A49B2354CAF90006DFD2 /* UICircularProgressRing in Frameworks */,
				AC9EB8DF22EF66BB0010AD0F /* Alamofire.framework in Frameworks */,
			);
			runOnlyForDeploymentPostprocessing = 0;
		};
/* End PBXFrameworksBuildPhase section */

/* Begin PBXGroup section */
		AC9EB8AA22EF58C90010AD0F /* Products */ = {
			isa = PBXGroup;
			children = (
				AC9EB8B622EF58C90010AD0F /* KeychainSwift.framework */,
			);
			name = Products;
			sourceTree = "<group>";
		};
		ACA93E1D22EF2092001DC560 /* UsageWidget */ = {
			isa = PBXGroup;
			children = (
				AC9A8633234F818500E04F6F /* Info.plist */,
				ACA93E2D22EF2E59001DC560 /* UsageWidget.entitlements */,
				ACA93E1E22EF2092001DC560 /* TodayViewController.swift */,
				ACA93E2022EF2092001DC560 /* MainInterface.storyboard */,
				AC9A8627234F7D8100E04F6F /* Localizable.strings */,
				AC9A8631234F80D500E04F6F /* InfoPlist.strings */,
				AC077B11235794E000EC43A9 /* GetUsage.swift */,
			);
			path = UsageWidget;
			sourceTree = "<group>";
		};
		ACA93E6622EF3155001DC560 /* Products */ = {
			isa = PBXGroup;
			children = (
				ACA93E7122EF3156001DC560 /* Alamofire.framework */,
			);
			name = Products;
			sourceTree = "<group>";
		};
		ACF18EE022ECC14300B2A751 = {
			isa = PBXGroup;
			children = (
				ACA93E2A22EF2218001DC560 /* README.md */,
				AC9EB8A922EF58C90010AD0F /* KeychainSwift.xcodeproj */,
				ACA93E6522EF3155001DC560 /* Alamofire.xcodeproj */,
				ACF18EEB22ECC14300B2A751 /* MigrosUsage */,
				ACA93E1D22EF2092001DC560 /* UsageWidget */,
				ACF18F0522ECC5D400B2A751 /* Frameworks */,
				ACF18EEA22ECC14300B2A751 /* Products */,
			);
			sourceTree = "<group>";
		};
		ACF18EEA22ECC14300B2A751 /* Products */ = {
			isa = PBXGroup;
			children = (
				ACF18EE922ECC14300B2A751 /* MigrosUsage.app */,
				ACA93E1B22EF2092001DC560 /* UsageWidget.appex */,
			);
			name = Products;
			sourceTree = "<group>";
		};
		ACF18EEB22ECC14300B2A751 /* MigrosUsage */ = {
			isa = PBXGroup;
			children = (
				AC077B1A235C6F2500EC43A9 /* how-to-add-widget.mp4 */,
				ACA93E2E22EF2E67001DC560 /* MigrosUsage.entitlements */,
				ACF18EFE22ECC41F00B2A751 /* logo.png */,
				ACF18EEC22ECC14300B2A751 /* AppDelegate.swift */,
				ACF18EEE22ECC14300B2A751 /* ViewController.swift */,
				ACD89D5F22ECE07B00166B04 /* LoginViewController.swift */,
				ACF18EF022ECC14300B2A751 /* Main.storyboard */,
				ACF18EF522ECC14600B2A751 /* LaunchScreen.storyboard */,
				ACF18EF822ECC14600B2A751 /* Info.plist */,
				AC99A476235359B20006DFD2 /* InfoPlist.strings */,
				AC9EB8D722EF66320010AD0F /* Images.xcassets */,
				AC077B18235B63BA00EC43A9 /* Localizable.strings */,
			);
			path = MigrosUsage;
			sourceTree = "<group>";
		};
		ACF18F0522ECC5D400B2A751 /* Frameworks */ = {
			isa = PBXGroup;
			children = (
				ACF18F0622ECC5D400B2A751 /* NotificationCenter.framework */,
			);
			name = Frameworks;
			sourceTree = "<group>";
		};
/* End PBXGroup section */

/* Begin PBXNativeTarget section */
		ACA93E1A22EF2092001DC560 /* UsageWidget */ = {
			isa = PBXNativeTarget;
			buildConfigurationList = ACA93E2722EF2092001DC560 /* Build configuration list for PBXNativeTarget "UsageWidget" */;
			buildPhases = (
				ACA93E1722EF2092001DC560 /* Sources */,
				ACA93E1822EF2092001DC560 /* Frameworks */,
				ACA93E1922EF2092001DC560 /* Resources */,
			);
			buildRules = (
			);
			dependencies = (
			);
			name = UsageWidget;
			productName = UsageWidget;
			productReference = ACA93E1B22EF2092001DC560 /* UsageWidget.appex */;
			productType = "com.apple.product-type.app-extension";
		};
		ACF18EE822ECC14300B2A751 /* MigrosUsage */ = {
			isa = PBXNativeTarget;
			buildConfigurationList = ACF18EFB22ECC14600B2A751 /* Build configuration list for PBXNativeTarget "MigrosUsage" */;
			buildPhases = (
				ACF18EE522ECC14300B2A751 /* Sources */,
				ACF18EE622ECC14300B2A751 /* Frameworks */,
				ACF18EE722ECC14300B2A751 /* Resources */,
				ACF18F1522ECC5D400B2A751 /* Embed App Extensions */,
				ACD89D5E22ECE04600166B04 /* Embed Frameworks */,
			);
			buildRules = (
			);
			dependencies = (
				ACA93E2522EF2092001DC560 /* PBXTargetDependency */,
				AC9EB8DE22EF66A70010AD0F /* PBXTargetDependency */,
				AC9EB8E222EF66BB0010AD0F /* PBXTargetDependency */,
			);
			name = MigrosUsage;
			packageProductDependencies = (
				AC99A49A2354CAF90006DFD2 /* UICircularProgressRing */,
			);
			productName = MigrosUsage;
			productReference = ACF18EE922ECC14300B2A751 /* MigrosUsage.app */;
			productType = "com.apple.product-type.application";
		};
/* End PBXNativeTarget section */

/* Begin PBXProject section */
		ACF18EE122ECC14300B2A751 /* Project object */ = {
			isa = PBXProject;
			attributes = {
				LastSwiftUpdateCheck = 1030;
				LastUpgradeCheck = 1030;
				ORGANIZATIONNAME = yannick.dev;
				TargetAttributes = {
					ACA93E1A22EF2092001DC560 = {
						CreatedOnToolsVersion = 10.3;
						SystemCapabilities = {
							com.apple.Keychain = {
								enabled = 1;
							};
						};
					};
					ACF18EE822ECC14300B2A751 = {
						CreatedOnToolsVersion = 10.3;
						SystemCapabilities = {
							com.apple.Keychain = {
								enabled = 1;
							};
						};
					};
				};
			};
			buildConfigurationList = ACF18EE422ECC14300B2A751 /* Build configuration list for PBXProject "MigrosUsage" */;
			compatibilityVersion = "Xcode 9.3";
			developmentRegion = en;
			hasScannedForEncodings = 0;
			knownRegions = (
				en,
				Base,
				de,
			);
			mainGroup = ACF18EE022ECC14300B2A751;
			packageReferences = (
				AC99A4992354CAF90006DFD2 /* XCRemoteSwiftPackageReference "UICircularProgressRing" */,
			);
			productRefGroup = ACF18EEA22ECC14300B2A751 /* Products */;
			projectDirPath = "";
			projectReferences = (
				{
					ProductGroup = ACA93E6622EF3155001DC560 /* Products */;
					ProjectRef = ACA93E6522EF3155001DC560 /* Alamofire.xcodeproj */;
				},
				{
					ProductGroup = AC9EB8AA22EF58C90010AD0F /* Products */;
					ProjectRef = AC9EB8A922EF58C90010AD0F /* KeychainSwift.xcodeproj */;
				},
			);
			projectRoot = "";
			targets = (
				ACF18EE822ECC14300B2A751 /* MigrosUsage */,
				ACA93E1A22EF2092001DC560 /* UsageWidget */,
			);
		};
/* End PBXProject section */

/* Begin PBXReferenceProxy section */
		AC9EB8B622EF58C90010AD0F /* KeychainSwift.framework */ = {
			isa = PBXReferenceProxy;
			fileType = wrapper.framework;
			path = KeychainSwift.framework;
			remoteRef = AC9EB8B522EF58C90010AD0F /* PBXContainerItemProxy */;
			sourceTree = BUILT_PRODUCTS_DIR;
		};
		ACA93E7122EF3156001DC560 /* Alamofire.framework */ = {
			isa = PBXReferenceProxy;
			fileType = wrapper.framework;
			path = Alamofire.framework;
			remoteRef = ACA93E7022EF3156001DC560 /* PBXContainerItemProxy */;
			sourceTree = BUILT_PRODUCTS_DIR;
		};
/* End PBXReferenceProxy section */

/* Begin PBXResourcesBuildPhase section */
		ACA93E1922EF2092001DC560 /* Resources */ = {
			isa = PBXResourcesBuildPhase;
			buildActionMask = 2147483647;
			files = (
				ACA93E2222EF2092001DC560 /* MainInterface.storyboard in Resources */,
				AC9A862F234F80D500E04F6F /* InfoPlist.strings in Resources */,
				AC9A8625234F7D8100E04F6F /* Localizable.strings in Resources */,
			);
			runOnlyForDeploymentPostprocessing = 0;
		};
		ACF18EE722ECC14300B2A751 /* Resources */ = {
			isa = PBXResourcesBuildPhase;
			buildActionMask = 2147483647;
			files = (
				ACF18EFF22ECC41F00B2A751 /* logo.png in Resources */,
				AC077B16235B63BA00EC43A9 /* Localizable.strings in Resources */,
				AC9EB8D822EF66320010AD0F /* Images.xcassets in Resources */,
				ACF18EF722ECC14600B2A751 /* LaunchScreen.storyboard in Resources */,
				AC077B1B235C6F2600EC43A9 /* how-to-add-widget.mp4 in Resources */,
				ACF18EF222ECC14300B2A751 /* Main.storyboard in Resources */,
				AC99A474235359B20006DFD2 /* InfoPlist.strings in Resources */,
			);
			runOnlyForDeploymentPostprocessing = 0;
		};
/* End PBXResourcesBuildPhase section */

/* Begin PBXSourcesBuildPhase section */
		ACA93E1722EF2092001DC560 /* Sources */ = {
			isa = PBXSourcesBuildPhase;
			buildActionMask = 2147483647;
			files = (
				AC077B13235794E000EC43A9 /* GetUsage.swift in Sources */,
				ACA93E1F22EF2092001DC560 /* TodayViewController.swift in Sources */,
			);
			runOnlyForDeploymentPostprocessing = 0;
		};
		ACF18EE522ECC14300B2A751 /* Sources */ = {
			isa = PBXSourcesBuildPhase;
			buildActionMask = 2147483647;
			files = (
				ACD89D6022ECE07B00166B04 /* LoginViewController.swift in Sources */,
				ACF18EEF22ECC14300B2A751 /* ViewController.swift in Sources */,
				AC077B12235794E000EC43A9 /* GetUsage.swift in Sources */,
				ACF18EED22ECC14300B2A751 /* AppDelegate.swift in Sources */,
			);
			runOnlyForDeploymentPostprocessing = 0;
		};
/* End PBXSourcesBuildPhase section */

/* Begin PBXTargetDependency section */
		AC9EB8DE22EF66A70010AD0F /* PBXTargetDependency */ = {
			isa = PBXTargetDependency;
			name = KeychainSwift;
			targetProxy = AC9EB8DD22EF66A70010AD0F /* PBXContainerItemProxy */;
		};
		AC9EB8E222EF66BB0010AD0F /* PBXTargetDependency */ = {
			isa = PBXTargetDependency;
			name = "Alamofire iOS";
			targetProxy = AC9EB8E122EF66BB0010AD0F /* PBXContainerItemProxy */;
		};
		ACA93E2522EF2092001DC560 /* PBXTargetDependency */ = {
			isa = PBXTargetDependency;
			target = ACA93E1A22EF2092001DC560 /* UsageWidget */;
			targetProxy = ACA93E2422EF2092001DC560 /* PBXContainerItemProxy */;
		};
/* End PBXTargetDependency section */

/* Begin PBXVariantGroup section */
		AC077B18235B63BA00EC43A9 /* Localizable.strings */ = {
			isa = PBXVariantGroup;
			children = (
				AC077B17235B63BA00EC43A9 /* de */,
				AC077B19235C6BC700EC43A9 /* en */,
			);
			name = Localizable.strings;
			sourceTree = "<group>";
		};
		AC99A476235359B20006DFD2 /* InfoPlist.strings */ = {
			isa = PBXVariantGroup;
			children = (
				AC99A475235359B20006DFD2 /* de */,
			);
			name = InfoPlist.strings;
			sourceTree = "<group>";
		};
		AC9A8627234F7D8100E04F6F /* Localizable.strings */ = {
			isa = PBXVariantGroup;
			children = (
				AC9A8626234F7D8100E04F6F /* en */,
				AC9A8628234F7D8700E04F6F /* de */,
			);
			name = Localizable.strings;
			sourceTree = "<group>";
		};
		AC9A8631234F80D500E04F6F /* InfoPlist.strings */ = {
			isa = PBXVariantGroup;
			children = (
				AC9A8632234F80D800E04F6F /* de */,
			);
			name = InfoPlist.strings;
			sourceTree = "<group>";
		};
		ACA93E2022EF2092001DC560 /* MainInterface.storyboard */ = {
			isa = PBXVariantGroup;
			children = (
				ACA93E2122EF2092001DC560 /* Base */,
			);
			name = MainInterface.storyboard;
			sourceTree = "<group>";
		};
		ACF18EF022ECC14300B2A751 /* Main.storyboard */ = {
			isa = PBXVariantGroup;
			children = (
				ACF18EF122ECC14300B2A751 /* Base */,
				AC9A8622234F7B1A00E04F6F /* de */,
			);
			name = Main.storyboard;
			sourceTree = "<group>";
		};
		ACF18EF522ECC14600B2A751 /* LaunchScreen.storyboard */ = {
			isa = PBXVariantGroup;
			children = (
				ACF18EF622ECC14600B2A751 /* Base */,
			);
			name = LaunchScreen.storyboard;
			sourceTree = "<group>";
		};
/* End PBXVariantGroup section */

/* Begin XCBuildConfiguration section */
		ACA93E2822EF2092001DC560 /* Debug */ = {
			isa = XCBuildConfiguration;
			buildSettings = {
				CODE_SIGN_ENTITLEMENTS = UsageWidget/UsageWidget.entitlements;
				CODE_SIGN_STYLE = Automatic;
				DEVELOPMENT_TEAM = NDJHDNKXD6;
				INFOPLIST_FILE = UsageWidget/Info.plist;
				IPHONEOS_DEPLOYMENT_TARGET = 12.0;
				LD_RUNPATH_SEARCH_PATHS = (
					"$(inherited)",
					"@executable_path/Frameworks",
					"@executable_path/../../Frameworks",
				);
				PRODUCT_BUNDLE_IDENTIFIER = dev.yannick.MigrosUsage.UsageWidget;
				PRODUCT_NAME = "$(TARGET_NAME)";
				SKIP_INSTALL = YES;
				SWIFT_VERSION = 5.0;
				TARGETED_DEVICE_FAMILY = "1,2";
			};
			name = Debug;
		};
		ACA93E2922EF2092001DC560 /* Release */ = {
			isa = XCBuildConfiguration;
			buildSettings = {
				CODE_SIGN_ENTITLEMENTS = UsageWidget/UsageWidget.entitlements;
				CODE_SIGN_STYLE = Automatic;
				DEVELOPMENT_TEAM = NDJHDNKXD6;
				INFOPLIST_FILE = UsageWidget/Info.plist;
				IPHONEOS_DEPLOYMENT_TARGET = 12.0;
				LD_RUNPATH_SEARCH_PATHS = (
					"$(inherited)",
					"@executable_path/Frameworks",
					"@executable_path/../../Frameworks",
				);
				PRODUCT_BUNDLE_IDENTIFIER = dev.yannick.MigrosUsage.UsageWidget;
				PRODUCT_NAME = "$(TARGET_NAME)";
				SKIP_INSTALL = YES;
				SWIFT_VERSION = 5.0;
				TARGETED_DEVICE_FAMILY = "1,2";
			};
			name = Release;
		};
		ACF18EF922ECC14600B2A751 /* Debug */ = {
			isa = XCBuildConfiguration;
			buildSettings = {
				ALWAYS_SEARCH_USER_PATHS = NO;
				CLANG_ANALYZER_LOCALIZABILITY_NONLOCALIZED = YES;
				CLANG_ANALYZER_NONNULL = YES;
				CLANG_ANALYZER_NUMBER_OBJECT_CONVERSION = YES_AGGRESSIVE;
				CLANG_CXX_LANGUAGE_STANDARD = "gnu++14";
				CLANG_CXX_LIBRARY = "libc++";
				CLANG_ENABLE_MODULES = YES;
				CLANG_ENABLE_OBJC_ARC = YES;
				CLANG_ENABLE_OBJC_WEAK = YES;
				CLANG_WARN_BLOCK_CAPTURE_AUTORELEASING = YES;
				CLANG_WARN_BOOL_CONVERSION = YES;
				CLANG_WARN_COMMA = YES;
				CLANG_WARN_CONSTANT_CONVERSION = YES;
				CLANG_WARN_DEPRECATED_OBJC_IMPLEMENTATIONS = YES;
				CLANG_WARN_DIRECT_OBJC_ISA_USAGE = YES_ERROR;
				CLANG_WARN_DOCUMENTATION_COMMENTS = YES;
				CLANG_WARN_EMPTY_BODY = YES;
				CLANG_WARN_ENUM_CONVERSION = YES;
				CLANG_WARN_INFINITE_RECURSION = YES;
				CLANG_WARN_INT_CONVERSION = YES;
				CLANG_WARN_NON_LITERAL_NULL_CONVERSION = YES;
				CLANG_WARN_OBJC_IMPLICIT_RETAIN_SELF = YES;
				CLANG_WARN_OBJC_LITERAL_CONVERSION = YES;
				CLANG_WARN_OBJC_ROOT_CLASS = YES_ERROR;
				CLANG_WARN_RANGE_LOOP_ANALYSIS = YES;
				CLANG_WARN_STRICT_PROTOTYPES = YES;
				CLANG_WARN_SUSPICIOUS_MOVE = YES;
				CLANG_WARN_UNGUARDED_AVAILABILITY = YES_AGGRESSIVE;
				CLANG_WARN_UNREACHABLE_CODE = YES;
				CLANG_WARN__DUPLICATE_METHOD_MATCH = YES;
				CODE_SIGN_IDENTITY = "iPhone Developer";
				COPY_PHASE_STRIP = NO;
				DEBUG_INFORMATION_FORMAT = dwarf;
				ENABLE_STRICT_OBJC_MSGSEND = YES;
				ENABLE_TESTABILITY = YES;
				GCC_C_LANGUAGE_STANDARD = gnu11;
				GCC_DYNAMIC_NO_PIC = NO;
				GCC_NO_COMMON_BLOCKS = YES;
				GCC_OPTIMIZATION_LEVEL = 0;
				GCC_PREPROCESSOR_DEFINITIONS = (
					"DEBUG=1",
					"$(inherited)",
				);
				GCC_WARN_64_TO_32_BIT_CONVERSION = YES;
				GCC_WARN_ABOUT_RETURN_TYPE = YES_ERROR;
				GCC_WARN_UNDECLARED_SELECTOR = YES;
				GCC_WARN_UNINITIALIZED_AUTOS = YES_AGGRESSIVE;
				GCC_WARN_UNUSED_FUNCTION = YES;
				GCC_WARN_UNUSED_VARIABLE = YES;
				IPHONEOS_DEPLOYMENT_TARGET = 12.4;
				MTL_ENABLE_DEBUG_INFO = INCLUDE_SOURCE;
				MTL_FAST_MATH = YES;
				ONLY_ACTIVE_ARCH = YES;
				SDKROOT = iphoneos;
				SWIFT_ACTIVE_COMPILATION_CONDITIONS = DEBUG;
				SWIFT_OPTIMIZATION_LEVEL = "-Onone";
			};
			name = Debug;
		};
		ACF18EFA22ECC14600B2A751 /* Release */ = {
			isa = XCBuildConfiguration;
			buildSettings = {
				ALWAYS_SEARCH_USER_PATHS = NO;
				CLANG_ANALYZER_LOCALIZABILITY_NONLOCALIZED = YES;
				CLANG_ANALYZER_NONNULL = YES;
				CLANG_ANALYZER_NUMBER_OBJECT_CONVERSION = YES_AGGRESSIVE;
				CLANG_CXX_LANGUAGE_STANDARD = "gnu++14";
				CLANG_CXX_LIBRARY = "libc++";
				CLANG_ENABLE_MODULES = YES;
				CLANG_ENABLE_OBJC_ARC = YES;
				CLANG_ENABLE_OBJC_WEAK = YES;
				CLANG_WARN_BLOCK_CAPTURE_AUTORELEASING = YES;
				CLANG_WARN_BOOL_CONVERSION = YES;
				CLANG_WARN_COMMA = YES;
				CLANG_WARN_CONSTANT_CONVERSION = YES;
				CLANG_WARN_DEPRECATED_OBJC_IMPLEMENTATIONS = YES;
				CLANG_WARN_DIRECT_OBJC_ISA_USAGE = YES_ERROR;
				CLANG_WARN_DOCUMENTATION_COMMENTS = YES;
				CLANG_WARN_EMPTY_BODY = YES;
				CLANG_WARN_ENUM_CONVERSION = YES;
				CLANG_WARN_INFINITE_RECURSION = YES;
				CLANG_WARN_INT_CONVERSION = YES;
				CLANG_WARN_NON_LITERAL_NULL_CONVERSION = YES;
				CLANG_WARN_OBJC_IMPLICIT_RETAIN_SELF = YES;
				CLANG_WARN_OBJC_LITERAL_CONVERSION = YES;
				CLANG_WARN_OBJC_ROOT_CLASS = YES_ERROR;
				CLANG_WARN_RANGE_LOOP_ANALYSIS = YES;
				CLANG_WARN_STRICT_PROTOTYPES = YES;
				CLANG_WARN_SUSPICIOUS_MOVE = YES;
				CLANG_WARN_UNGUARDED_AVAILABILITY = YES_AGGRESSIVE;
				CLANG_WARN_UNREACHABLE_CODE = YES;
				CLANG_WARN__DUPLICATE_METHOD_MATCH = YES;
				CODE_SIGN_IDENTITY = "iPhone Developer";
				COPY_PHASE_STRIP = NO;
				DEBUG_INFORMATION_FORMAT = "dwarf-with-dsym";
				ENABLE_NS_ASSERTIONS = NO;
				ENABLE_STRICT_OBJC_MSGSEND = YES;
				GCC_C_LANGUAGE_STANDARD = gnu11;
				GCC_NO_COMMON_BLOCKS = YES;
				GCC_WARN_64_TO_32_BIT_CONVERSION = YES;
				GCC_WARN_ABOUT_RETURN_TYPE = YES_ERROR;
				GCC_WARN_UNDECLARED_SELECTOR = YES;
				GCC_WARN_UNINITIALIZED_AUTOS = YES_AGGRESSIVE;
				GCC_WARN_UNUSED_FUNCTION = YES;
				GCC_WARN_UNUSED_VARIABLE = YES;
				IPHONEOS_DEPLOYMENT_TARGET = 12.4;
				MTL_ENABLE_DEBUG_INFO = NO;
				MTL_FAST_MATH = YES;
				SDKROOT = iphoneos;
				SWIFT_COMPILATION_MODE = wholemodule;
				SWIFT_OPTIMIZATION_LEVEL = "-O";
				VALIDATE_PRODUCT = YES;
			};
			name = Release;
		};
		ACF18EFC22ECC14600B2A751 /* Debug */ = {
			isa = XCBuildConfiguration;
			buildSettings = {
				ALWAYS_EMBED_SWIFT_STANDARD_LIBRARIES = YES;
				ASSETCATALOG_COMPILER_APPICON_NAME = AppIcon;
				CODE_SIGN_ENTITLEMENTS = MigrosUsage/MigrosUsage.entitlements;
				CODE_SIGN_STYLE = Automatic;
				DEVELOPMENT_TEAM = NDJHDNKXD6;
				INFOPLIST_FILE = MigrosUsage/Info.plist;
				IPHONEOS_DEPLOYMENT_TARGET = 12.0;
				LD_RUNPATH_SEARCH_PATHS = (
					"$(inherited)",
					"@executable_path/Frameworks",
				);
				PRODUCT_BUNDLE_IDENTIFIER = dev.yannick.MigrosUsage;
				PRODUCT_NAME = "$(TARGET_NAME)";
				SWIFT_VERSION = 5.0;
				TARGETED_DEVICE_FAMILY = 1;
			};
			name = Debug;
		};
		ACF18EFD22ECC14600B2A751 /* Release */ = {
			isa = XCBuildConfiguration;
			buildSettings = {
				ALWAYS_EMBED_SWIFT_STANDARD_LIBRARIES = YES;
				ASSETCATALOG_COMPILER_APPICON_NAME = AppIcon;
				CODE_SIGN_ENTITLEMENTS = MigrosUsage/MigrosUsage.entitlements;
				CODE_SIGN_STYLE = Automatic;
				DEVELOPMENT_TEAM = NDJHDNKXD6;
				INFOPLIST_FILE = MigrosUsage/Info.plist;
				IPHONEOS_DEPLOYMENT_TARGET = 12.0;
				LD_RUNPATH_SEARCH_PATHS = (
					"$(inherited)",
					"@executable_path/Frameworks",
				);
				PRODUCT_BUNDLE_IDENTIFIER = dev.yannick.MigrosUsage;
				PRODUCT_NAME = "$(TARGET_NAME)";
				SWIFT_VERSION = 5.0;
				TARGETED_DEVICE_FAMILY = 1;
			};
			name = Release;
		};
/* End XCBuildConfiguration section */

/* Begin XCConfigurationList section */
		ACA93E2722EF2092001DC560 /* Build configuration list for PBXNativeTarget "UsageWidget" */ = {
			isa = XCConfigurationList;
			buildConfigurations = (
				ACA93E2822EF2092001DC560 /* Debug */,
				ACA93E2922EF2092001DC560 /* Release */,
			);
			defaultConfigurationIsVisible = 0;
			defaultConfigurationName = Release;
		};
		ACF18EE422ECC14300B2A751 /* Build configuration list for PBXProject "MigrosUsage" */ = {
			isa = XCConfigurationList;
			buildConfigurations = (
				ACF18EF922ECC14600B2A751 /* Debug */,
				ACF18EFA22ECC14600B2A751 /* Release */,
			);
			defaultConfigurationIsVisible = 0;
			defaultConfigurationName = Release;
		};
		ACF18EFB22ECC14600B2A751 /* Build configuration list for PBXNativeTarget "MigrosUsage" */ = {
			isa = XCConfigurationList;
			buildConfigurations = (
				ACF18EFC22ECC14600B2A751 /* Debug */,
				ACF18EFD22ECC14600B2A751 /* Release */,
			);
			defaultConfigurationIsVisible = 0;
			defaultConfigurationName = Release;
		};
/* End XCConfigurationList section */

/* Begin XCRemoteSwiftPackageReference section */
		AC99A4992354CAF90006DFD2 /* XCRemoteSwiftPackageReference "UICircularProgressRing" */ = {
			isa = XCRemoteSwiftPackageReference;
			repositoryURL = "https://github.com/yene/UICircularProgressRing/";
			requirement = {
				kind = upToNextMajorVersion;
				minimumVersion = 6.3.1;
			};
		};
/* End XCRemoteSwiftPackageReference section */

/* Begin XCSwiftPackageProductDependency section */
		AC99A49A2354CAF90006DFD2 /* UICircularProgressRing */ = {
			isa = XCSwiftPackageProductDependency;
			package = AC99A4992354CAF90006DFD2 /* XCRemoteSwiftPackageReference "UICircularProgressRing" */;
			productName = UICircularProgressRing;
		};
/* End XCSwiftPackageProductDependency section */
	};
	rootObject = ACF18EE122ECC14300B2A751 /* Project object */;
}
